// !$*UTF8*$!
{
	archiveVersion = 1;
	classes = {
	};
	objectVersion = 50;
	objects = {

/* Begin PBXBuildFile section */
		7C43536925FA16670062450F /* AppStoreLayoutSection.swift in Sources */ = {isa = PBXBuildFile; fileRef = 7C43536825FA16670062450F /* AppStoreLayoutSection.swift */; };
		7C43536D25FA16860062450F /* GalleryPagedSection.swift in Sources */ = {isa = PBXBuildFile; fileRef = 7C43536C25FA16860062450F /* GalleryPagedSection.swift */; };
		7C43537025FA16A40062450F /* ClusterPagedSection.swift in Sources */ = {isa = PBXBuildFile; fileRef = 7C43536F25FA16A40062450F /* ClusterPagedSection.swift */; };
		7C43537325FA16B40062450F /* ListSection.swift in Sources */ = {isa = PBXBuildFile; fileRef = 7C43537225FA16B40062450F /* ListSection.swift */; };
		7C43537B25FA1D2F0062450F /* HeaderReusableView.swift in Sources */ = {isa = PBXBuildFile; fileRef = 7C43537A25FA1D2F0062450F /* HeaderReusableView.swift */; };
		7C8C768125CD5C4F00727C5A /* PlaceholderCell.swift in Sources */ = {isa = PBXBuildFile; fileRef = 7C8C767F25CD5C4F00727C5A /* PlaceholderCell.swift */; };
		7C8C768225CD5C4F00727C5A /* PlaceholderCell.xib in Resources */ = {isa = PBXBuildFile; fileRef = 7C8C768025CD5C4F00727C5A /* PlaceholderCell.xib */; };
		7CEDA1C625CD004800A9C416 /* AppDelegate.swift in Sources */ = {isa = PBXBuildFile; fileRef = 7CEDA1C525CD004800A9C416 /* AppDelegate.swift */; };
		7CEDA1CA25CD004800A9C416 /* AppStoreViewController.swift in Sources */ = {isa = PBXBuildFile; fileRef = 7CEDA1C925CD004800A9C416 /* AppStoreViewController.swift */; };
		7CEDA1CD25CD004800A9C416 /* Main.storyboard in Resources */ = {isa = PBXBuildFile; fileRef = 7CEDA1CB25CD004800A9C416 /* Main.storyboard */; };
		7CEDA1CF25CD004800A9C416 /* Assets.xcassets in Resources */ = {isa = PBXBuildFile; fileRef = 7CEDA1CE25CD004800A9C416 /* Assets.xcassets */; };
		7CEDA1D225CD004800A9C416 /* LaunchScreen.storyboard in Resources */ = {isa = PBXBuildFile; fileRef = 7CEDA1D025CD004800A9C416 /* LaunchScreen.storyboard */; };
		7CEDA1DE25CD00F900A9C416 /* BaseViewController.swift in Sources */ = {isa = PBXBuildFile; fileRef = 7CEDA1DD25CD00F900A9C416 /* BaseViewController.swift */; };
		7CEDA1E825CD355400A9C416 /* AppStoreGalleryCell.swift in Sources */ = {isa = PBXBuildFile; fileRef = 7CEDA1E625CD355400A9C416 /* AppStoreGalleryCell.swift */; };
		7CEDA1E925CD355400A9C416 /* AppStoreGalleryCell.xib in Resources */ = {isa = PBXBuildFile; fileRef = 7CEDA1E725CD355400A9C416 /* AppStoreGalleryCell.xib */; };
/* End PBXBuildFile section */

/* Begin PBXFileReference section */
		7C43536825FA16670062450F /* AppStoreLayoutSection.swift */ = {isa = PBXFileReference; lastKnownFileType = sourcecode.swift; path = AppStoreLayoutSection.swift; sourceTree = "<group>"; };
		7C43536C25FA16860062450F /* GalleryPagedSection.swift */ = {isa = PBXFileReference; lastKnownFileType = sourcecode.swift; path = GalleryPagedSection.swift; sourceTree = "<group>"; };
		7C43536F25FA16A40062450F /* ClusterPagedSection.swift */ = {isa = PBXFileReference; lastKnownFileType = sourcecode.swift; path = ClusterPagedSection.swift; sourceTree = "<group>"; };
		7C43537225FA16B40062450F /* ListSection.swift */ = {isa = PBXFileReference; lastKnownFileType = sourcecode.swift; path = ListSection.swift; sourceTree = "<group>"; };
		7C43537A25FA1D2F0062450F /* HeaderReusableView.swift */ = {isa = PBXFileReference; lastKnownFileType = sourcecode.swift; path = HeaderReusableView.swift; sourceTree = "<group>"; };
		7C8C767F25CD5C4F00727C5A /* PlaceholderCell.swift */ = {isa = PBXFileReference; lastKnownFileType = sourcecode.swift; path = PlaceholderCell.swift; sourceTree = "<group>"; };
		7C8C768025CD5C4F00727C5A /* PlaceholderCell.xib */ = {isa = PBXFileReference; lastKnownFileType = file.xib; path = PlaceholderCell.xib; sourceTree = "<group>"; };
		7CEDA1C225CD004800A9C416 /* CompositionalAppStore.app */ = {isa = PBXFileReference; explicitFileType = wrapper.application; includeInIndex = 0; path = CompositionalAppStore.app; sourceTree = BUILT_PRODUCTS_DIR; };
		7CEDA1C525CD004800A9C416 /* AppDelegate.swift */ = {isa = PBXFileReference; lastKnownFileType = sourcecode.swift; path = AppDelegate.swift; sourceTree = "<group>"; };
		7CEDA1C925CD004800A9C416 /* AppStoreViewController.swift */ = {isa = PBXFileReference; lastKnownFileType = sourcecode.swift; path = AppStoreViewController.swift; sourceTree = "<group>"; };
		7CEDA1CC25CD004800A9C416 /* Base */ = {isa = PBXFileReference; lastKnownFileType = file.storyboard; name = Base; path = Base.lproj/Main.storyboard; sourceTree = "<group>"; };
		7CEDA1CE25CD004800A9C416 /* Assets.xcassets */ = {isa = PBXFileReference; lastKnownFileType = folder.assetcatalog; path = Assets.xcassets; sourceTree = "<group>"; };
		7CEDA1D125CD004800A9C416 /* Base */ = {isa = PBXFileReference; lastKnownFileType = file.storyboard; name = Base; path = Base.lproj/LaunchScreen.storyboard; sourceTree = "<group>"; };
		7CEDA1D325CD004800A9C416 /* Info.plist */ = {isa = PBXFileReference; lastKnownFileType = text.plist.xml; path = Info.plist; sourceTree = "<group>"; };
		7CEDA1DD25CD00F900A9C416 /* BaseViewController.swift */ = {isa = PBXFileReference; lastKnownFileType = sourcecode.swift; path = BaseViewController.swift; sourceTree = "<group>"; };
		7CEDA1E625CD355400A9C416 /* AppStoreGalleryCell.swift */ = {isa = PBXFileReference; lastKnownFileType = sourcecode.swift; path = AppStoreGalleryCell.swift; sourceTree = "<group>"; };
		7CEDA1E725CD355400A9C416 /* AppStoreGalleryCell.xib */ = {isa = PBXFileReference; lastKnownFileType = file.xib; path = AppStoreGalleryCell.xib; sourceTree = "<group>"; };
/* End PBXFileReference section */

/* Begin PBXFrameworksBuildPhase section */
		7CEDA1BF25CD004800A9C416 /* Frameworks */ = {
			isa = PBXFrameworksBuildPhase;
			buildActionMask = 2147483647;
			files = (
			);
			runOnlyForDeploymentPostprocessing = 0;
		};
/* End PBXFrameworksBuildPhase section */

/* Begin PBXGroup section */
		7C43536725FA16560062450F /* Sections */ = {
			isa = PBXGroup;
			children = (
				7C43536825FA16670062450F /* AppStoreLayoutSection.swift */,
				7C43536F25FA16A40062450F /* ClusterPagedSection.swift */,
				7C43536C25FA16860062450F /* GalleryPagedSection.swift */,
				7C43537225FA16B40062450F /* ListSection.swift */,
			);
			path = Sections;
			sourceTree = "<group>";
		};
		7CEDA1B925CD004800A9C416 = {
			isa = PBXGroup;
			children = (
				7CEDA1C425CD004800A9C416 /* CompositionalAppStore */,
				7CEDA1C325CD004800A9C416 /* Products */,
			);
			sourceTree = "<group>";
		};
		7CEDA1C325CD004800A9C416 /* Products */ = {
			isa = PBXGroup;
			children = (
				7CEDA1C225CD004800A9C416 /* CompositionalAppStore.app */,
			);
			name = Products;
			sourceTree = "<group>";
		};
		7CEDA1C425CD004800A9C416 /* CompositionalAppStore */ = {
			isa = PBXGroup;
			children = (
				7C43536725FA16560062450F /* Sections */,
				7CEDA1EB25CD355700A9C416 /* Cells */,
				7CEDA1DD25CD00F900A9C416 /* BaseViewController.swift */,
				7CEDA1C525CD004800A9C416 /* AppDelegate.swift */,
				7CEDA1C925CD004800A9C416 /* AppStoreViewController.swift */,
				7CEDA1CB25CD004800A9C416 /* Main.storyboard */,
				7CEDA1CE25CD004800A9C416 /* Assets.xcassets */,
				7CEDA1D025CD004800A9C416 /* LaunchScreen.storyboard */,
				7CEDA1D325CD004800A9C416 /* Info.plist */,
			);
			path = CompositionalAppStore;
			sourceTree = "<group>";
		};
		7CEDA1EB25CD355700A9C416 /* Cells */ = {
			isa = PBXGroup;
			children = (
				7CEDA1E625CD355400A9C416 /* AppStoreGalleryCell.swift */,
				7CEDA1E725CD355400A9C416 /* AppStoreGalleryCell.xib */,
				7C8C767F25CD5C4F00727C5A /* PlaceholderCell.swift */,
				7C8C768025CD5C4F00727C5A /* PlaceholderCell.xib */,
				7C43537A25FA1D2F0062450F /* HeaderReusableView.swift */,
			);
			path = Cells;
			sourceTree = "<group>";
		};
/* End PBXGroup section */

/* Begin PBXNativeTarget section */
		7CEDA1C125CD004800A9C416 /* CompositionalAppStore */ = {
			isa = PBXNativeTarget;
			buildConfigurationList = 7CEDA1D625CD004800A9C416 /* Build configuration list for PBXNativeTarget "CompositionalAppStore" */;
			buildPhases = (
				7CEDA1BE25CD004800A9C416 /* Sources */,
				7CEDA1BF25CD004800A9C416 /* Frameworks */,
				7CEDA1C025CD004800A9C416 /* Resources */,
			);
			buildRules = (
			);
			dependencies = (
			);
			name = CompositionalAppStore;
			productName = CompositionalAppStore;
			productReference = 7CEDA1C225CD004800A9C416 /* CompositionalAppStore.app */;
			productType = "com.apple.product-type.application";
		};
/* End PBXNativeTarget section */

/* Begin PBXProject section */
		7CEDA1BA25CD004800A9C416 /* Project object */ = {
			isa = PBXProject;
			attributes = {
				LastSwiftUpdateCheck = 1230;
				LastUpgradeCheck = 1230;
				TargetAttributes = {
					7CEDA1C125CD004800A9C416 = {
						CreatedOnToolsVersion = 12.3;
					};
				};
			};
			buildConfigurationList = 7CEDA1BD25CD004800A9C416 /* Build configuration list for PBXProject "CompositionalAppStore" */;
			compatibilityVersion = "Xcode 9.3";
			developmentRegion = en;
			hasScannedForEncodings = 0;
			knownRegions = (
				en,
				Base,
			);
			mainGroup = 7CEDA1B925CD004800A9C416;
			productRefGroup = 7CEDA1C325CD004800A9C416 /* Products */;
			projectDirPath = "";
			projectRoot = "";
			targets = (
				7CEDA1C125CD004800A9C416 /* CompositionalAppStore */,
			);
		};
/* End PBXProject section */

/* Begin PBXResourcesBuildPhase section */
		7CEDA1C025CD004800A9C416 /* Resources */ = {
			isa = PBXResourcesBuildPhase;
			buildActionMask = 2147483647;
			files = (
				7CEDA1D225CD004800A9C416 /* LaunchScreen.storyboard in Resources */,
				7CEDA1CF25CD004800A9C416 /* Assets.xcassets in Resources */,
				7CEDA1E925CD355400A9C416 /* AppStoreGalleryCell.xib in Resources */,
				7CEDA1CD25CD004800A9C416 /* Main.storyboard in Resources */,
				7C8C768225CD5C4F00727C5A /* PlaceholderCell.xib in Resources */,
			);
			runOnlyForDeploymentPostprocessing = 0;
		};
/* End PBXResourcesBuildPhase section */

/* Begin PBXSourcesBuildPhase section */
		7CEDA1BE25CD004800A9C416 /* Sources */ = {
			isa = PBXSourcesBuildPhase;
			buildActionMask = 2147483647;
			files = (
				7CEDA1CA25CD004800A9C416 /* AppStoreViewController.swift in Sources */,
				7C43536D25FA16860062450F /* GalleryPagedSection.swift in Sources */,
				7C43537B25FA1D2F0062450F /* HeaderReusableView.swift in Sources */,
				7CEDA1C625CD004800A9C416 /* AppDelegate.swift in Sources */,
				7CEDA1E825CD355400A9C416 /* AppStoreGalleryCell.swift in Sources */,
				7C43536925FA16670062450F /* AppStoreLayoutSection.swift in Sources */,
				7CEDA1DE25CD00F900A9C416 /* BaseViewController.swift in Sources */,
				7C8C768125CD5C4F00727C5A /* PlaceholderCell.swift in Sources */,
				7C43537025FA16A40062450F /* ClusterPagedSection.swift in Sources */,
				7C43537325FA16B40062450F /* ListSection.swift in Sources */,
			);
			runOnlyForDeploymentPostprocessing = 0;
		};
/* End PBXSourcesBuildPhase section */

/* Begin PBXVariantGroup section */
		7CEDA1CB25CD004800A9C416 /* Main.storyboard */ = {
			isa = PBXVariantGroup;
			children = (
				7CEDA1CC25CD004800A9C416 /* Base */,
			);
			name = Main.storyboard;
			sourceTree = "<group>";
		};
		7CEDA1D025CD004800A9C416 /* LaunchScreen.storyboard */ = {
			isa = PBXVariantGroup;
			children = (
				7CEDA1D125CD004800A9C416 /* Base */,
			);
			name = LaunchScreen.storyboard;
			sourceTree = "<group>";
		};
/* End PBXVariantGroup section */

/* Begin XCBuildConfiguration section */
		7CEDA1D425CD004800A9C416 /* Debug */ = {
			isa = XCBuildConfiguration;
			buildSettings = {
				ALWAYS_SEARCH_USER_PATHS = NO;
				CLANG_ANALYZER_NONNULL = YES;
				CLANG_ANALYZER_NUMBER_OBJECT_CONVERSION = YES_AGGRESSIVE;
				CLANG_CXX_LANGUAGE_STANDARD = "gnu++14";
				CLANG_CXX_LIBRARY = "libc++";
				CLANG_ENABLE_MODULES = YES;
				CLANG_ENABLE_OBJC_ARC = YES;
				CLANG_ENABLE_OBJC_WEAK = YES;
				CLANG_WARN_BLOCK_CAPTURE_AUTORELEASING = YES;
				CLANG_WARN_BOOL_CONVERSION = YES;
				CLANG_WARN_COMMA = YES;
				CLANG_WARN_CONSTANT_CONVERSION = YES;
				CLANG_WARN_DEPRECATED_OBJC_IMPLEMENTATIONS = YES;
				CLANG_WARN_DIRECT_OBJC_ISA_USAGE = YES_ERROR;
				CLANG_WARN_DOCUMENTATION_COMMENTS = YES;
				CLANG_WARN_EMPTY_BODY = YES;
				CLANG_WARN_ENUM_CONVERSION = YES;
				CLANG_WARN_INFINITE_RECURSION = YES;
				CLANG_WARN_INT_CONVERSION = YES;
				CLANG_WARN_NON_LITERAL_NULL_CONVERSION = YES;
				CLANG_WARN_OBJC_IMPLICIT_RETAIN_SELF = YES;
				CLANG_WARN_OBJC_LITERAL_CONVERSION = YES;
				CLANG_WARN_OBJC_ROOT_CLASS = YES_ERROR;
				CLANG_WARN_QUOTED_INCLUDE_IN_FRAMEWORK_HEADER = YES;
				CLANG_WARN_RANGE_LOOP_ANALYSIS = YES;
				CLANG_WARN_STRICT_PROTOTYPES = YES;
				CLANG_WARN_SUSPICIOUS_MOVE = YES;
				CLANG_WARN_UNGUARDED_AVAILABILITY = YES_AGGRESSIVE;
				CLANG_WARN_UNREACHABLE_CODE = YES;
				CLANG_WARN__DUPLICATE_METHOD_MATCH = YES;
				COPY_PHASE_STRIP = NO;
				DEBUG_INFORMATION_FORMAT = dwarf;
				ENABLE_STRICT_OBJC_MSGSEND = YES;
				ENABLE_TESTABILITY = YES;
				GCC_C_LANGUAGE_STANDARD = gnu11;
				GCC_DYNAMIC_NO_PIC = NO;
				GCC_NO_COMMON_BLOCKS = YES;
				GCC_OPTIMIZATION_LEVEL = 0;
				GCC_PREPROCESSOR_DEFINITIONS = (
					"DEBUG=1",
					"$(inherited)",
				);
				GCC_WARN_64_TO_32_BIT_CONVERSION = YES;
				GCC_WARN_ABOUT_RETURN_TYPE = YES_ERROR;
				GCC_WARN_UNDECLARED_SELECTOR = YES;
				GCC_WARN_UNINITIALIZED_AUTOS = YES_AGGRESSIVE;
				GCC_WARN_UNUSED_FUNCTION = YES;
				GCC_WARN_UNUSED_VARIABLE = YES;
				IPHONEOS_DEPLOYMENT_TARGET = 13.0;
				MTL_ENABLE_DEBUG_INFO = INCLUDE_SOURCE;
				MTL_FAST_MATH = YES;
				ONLY_ACTIVE_ARCH = YES;
				SDKROOT = iphoneos;
				SWIFT_ACTIVE_COMPILATION_CONDITIONS = DEBUG;
				SWIFT_OPTIMIZATION_LEVEL = "-Onone";
			};
			name = Debug;
		};
		7CEDA1D525CD004800A9C416 /* Release */ = {
			isa = XCBuildConfiguration;
			buildSettings = {
				ALWAYS_SEARCH_USER_PATHS = NO;
				CLANG_ANALYZER_NONNULL = YES;
				CLANG_ANALYZER_NUMBER_OBJECT_CONVERSION = YES_AGGRESSIVE;
				CLANG_CXX_LANGUAGE_STANDARD = "gnu++14";
				CLANG_CXX_LIBRARY = "libc++";
				CLANG_ENABLE_MODULES = YES;
				CLANG_ENABLE_OBJC_ARC = YES;
				CLANG_ENABLE_OBJC_WEAK = YES;
				CLANG_WARN_BLOCK_CAPTURE_AUTORELEASING = YES;
				CLANG_WARN_BOOL_CONVERSION = YES;
				CLANG_WARN_COMMA = YES;
				CLANG_WARN_CONSTANT_CONVERSION = YES;
				CLANG_WARN_DEPRECATED_OBJC_IMPLEMENTATIONS = YES;
				CLANG_WARN_DIRECT_OBJC_ISA_USAGE = YES_ERROR;
				CLANG_WARN_DOCUMENTATION_COMMENTS = YES;
				CLANG_WARN_EMPTY_BODY = YES;
				CLANG_WARN_ENUM_CONVERSION = YES;
				CLANG_WARN_INFINITE_RECURSION = YES;
				CLANG_WARN_INT_CONVERSION = YES;
				CLANG_WARN_NON_LITERAL_NULL_CONVERSION = YES;
				CLANG_WARN_OBJC_IMPLICIT_RETAIN_SELF = YES;
				CLANG_WARN_OBJC_LITERAL_CONVERSION = YES;
				CLANG_WARN_OBJC_ROOT_CLASS = YES_ERROR;
				CLANG_WARN_QUOTED_INCLUDE_IN_FRAMEWORK_HEADER = YES;
				CLANG_WARN_RANGE_LOOP_ANALYSIS = YES;
				CLANG_WARN_STRICT_PROTOTYPES = YES;
				CLANG_WARN_SUSPICIOUS_MOVE = YES;
				CLANG_WARN_UNGUARDED_AVAILABILITY = YES_AGGRESSIVE;
				CLANG_WARN_UNREACHABLE_CODE = YES;
				CLANG_WARN__DUPLICATE_METHOD_MATCH = YES;
				COPY_PHASE_STRIP = NO;
				DEBUG_INFORMATION_FORMAT = "dwarf-with-dsym";
				ENABLE_NS_ASSERTIONS = NO;
				ENABLE_STRICT_OBJC_MSGSEND = YES;
				GCC_C_LANGUAGE_STANDARD = gnu11;
				GCC_NO_COMMON_BLOCKS = YES;
				GCC_WARN_64_TO_32_BIT_CONVERSION = YES;
				GCC_WARN_ABOUT_RETURN_TYPE = YES_ERROR;
				GCC_WARN_UNDECLARED_SELECTOR = YES;
				GCC_WARN_UNINITIALIZED_AUTOS = YES_AGGRESSIVE;
				GCC_WARN_UNUSED_FUNCTION = YES;
				GCC_WARN_UNUSED_VARIABLE = YES;
				IPHONEOS_DEPLOYMENT_TARGET = 13.0;
				MTL_ENABLE_DEBUG_INFO = NO;
				MTL_FAST_MATH = YES;
				SDKROOT = iphoneos;
				SWIFT_COMPILATION_MODE = wholemodule;
				SWIFT_OPTIMIZATION_LEVEL = "-O";
				VALIDATE_PRODUCT = YES;
			};
			name = Release;
		};
		7CEDA1D725CD004800A9C416 /* Debug */ = {
			isa = XCBuildConfiguration;
			buildSettings = {
				ASSETCATALOG_COMPILER_APPICON_NAME = AppIcon;
				ASSETCATALOG_COMPILER_GLOBAL_ACCENT_COLOR_NAME = AccentColor;
				CODE_SIGN_STYLE = Automatic;
				DEVELOPMENT_TEAM = HW9KY3R5BK;
				INFOPLIST_FILE = CompositionalAppStore/Info.plist;
				LD_RUNPATH_SEARCH_PATHS = (
					"$(inherited)",
					"@executable_path/Frameworks",
				);
				PRODUCT_BUNDLE_IDENTIFIER = com.charleshs.CompositionalAppStore;
				PRODUCT_NAME = "$(TARGET_NAME)";
				SWIFT_VERSION = 5.0;
				TARGETED_DEVICE_FAMILY = "1,2";
			};
			name = Debug;
		};
		7CEDA1D825CD004800A9C416 /* Release */ = {
			isa = XCBuildConfiguration;
			buildSettings = {
				ASSETCATALOG_COMPILER_APPICON_NAME = AppIcon;
				ASSETCATALOG_COMPILER_GLOBAL_ACCENT_COLOR_NAME = AccentColor;
				CODE_SIGN_STYLE = Automatic;
				DEVELOPMENT_TEAM = HW9KY3R5BK;
				INFOPLIST_FILE = CompositionalAppStore/Info.plist;
				LD_RUNPATH_SEARCH_PATHS = (
					"$(inherited)",
					"@executable_path/Frameworks",
				);
				PRODUCT_BUNDLE_IDENTIFIER = com.charleshs.CompositionalAppStore;
				PRODUCT_NAME = "$(TARGET_NAME)";
				SWIFT_VERSION = 5.0;
				TARGETED_DEVICE_FAMILY = "1,2";
			};
			name = Release;
		};
/* End XCBuildConfiguration section */

/* Begin XCConfigurationList section */
		7CEDA1BD25CD004800A9C416 /* Build configuration list for PBXProject "CompositionalAppStore" */ = {
			isa = XCConfigurationList;
			buildConfigurations = (
				7CEDA1D425CD004800A9C416 /* Debug */,
				7CEDA1D525CD004800A9C416 /* Release */,
			);
			defaultConfigurationIsVisible = 0;
			defaultConfigurationName = Release;
		};
		7CEDA1D625CD004800A9C416 /* Build configuration list for PBXNativeTarget "CompositionalAppStore" */ = {
			isa = XCConfigurationList;
			buildConfigurations = (
				7CEDA1D725CD004800A9C416 /* Debug */,
				7CEDA1D825CD004800A9C416 /* Release */,
			);
			defaultConfigurationIsVisible = 0;
			defaultConfigurationName = Release;
		};
/* End XCConfigurationList section */
	};
	rootObject = 7CEDA1BA25CD004800A9C416 /* Project object */;
}
